
Microsoft Visual Studio Solution File, Format Version 12.00
# Visual Studio Version 16
VisualStudioVersion = 16.0.30406.217
MinimumVisualStudioVersion = 10.0.40219.1
Project("{F184B08F-C81C-45F6-A57F-5ABD9991F28F}") = "dijkstraDemo", "dijkstraDemo\dijkstraDemo.vbproj", "{131CE2B6-1183-4EF5-AB24-A67E5891D279}"
EndProject
Global
	GlobalSection(SolutionConfigurationPlatforms) = preSolution
		Debug|Any CPU = Debug|Any CPU
		Release|Any CPU = Release|Any CPU
	EndGlobalSection
	GlobalSection(ProjectConfigurationPlatforms) = postSolution
		{131CE2B6-1183-4EF5-AB24-A67E5891D279}.Debug|Any CPU.ActiveCfg = Debug|Any CPU
		{131CE2B6-1183-4EF5-AB24-A67E5891D279}.Debug|Any CPU.Build.0 = Debug|Any CPU
		{131CE2B6-1183-4EF5-AB24-A67E5891D279}.Release|Any CPU.ActiveCfg = Release|Any CPU
		{131CE2B6-1183-4EF5-AB24-A67E5891D279}.Release|Any CPU.Build.0 = Release|Any CPU
	EndGlobalSection
	GlobalSection(SolutionProperties) = preSolution
		HideSolutionNode = FALSE
	EndGlobalSection
	GlobalSection(ExtensibilityGlobals) = postSolution
		SolutionGuid = {C61AB863-C563-4DAB-8597-488D04B1C1C1}
	EndGlobalSection
EndGlobal
